// !$*UTF8*$!
{
	archiveVersion = 1;
	classes = {
	};
	objectVersion = 50;
	objects = {

/* Begin PBXBuildFile section */
		B62B413324BC6B8600BF6483 /* SetViewController.swift in Sources */ = {isa = PBXBuildFile; fileRef = B62B413224BC6B8600BF6483 /* SetViewController.swift */; };
		B62B413524BC6C4C00BF6483 /* SleepingViewController.swift in Sources */ = {isa = PBXBuildFile; fileRef = B62B413424BC6C4C00BF6483 /* SleepingViewController.swift */; };
		B62B413724BC6D4C00BF6483 /* Alarm.swift in Sources */ = {isa = PBXBuildFile; fileRef = B62B413624BC6D4C00BF6483 /* Alarm.swift */; };
		B64C294024C5D95900BC75E1 /* LiT!使用 - スターマーカー.mp3 in Resources */ = {isa = PBXBuildFile; fileRef = B64C293F24C5D95900BC75E1 /* LiT!使用 - スターマーカー.mp3 */; };
		B69FC84C24C59A51004A9E88 /* TimerSettingViewController.swift in Sources */ = {isa = PBXBuildFile; fileRef = B69FC84B24C59A51004A9E88 /* TimerSettingViewController.swift */; };
		B69FC85224C5D48A004A9E88 /* MondaiViewController.swift in Sources */ = {isa = PBXBuildFile; fileRef = B69FC85124C5D48A004A9E88 /* MondaiViewController.swift */; };
		B69FC85424C5D49D004A9E88 /* MissionViewController.swift in Sources */ = {isa = PBXBuildFile; fileRef = B69FC85324C5D49D004A9E88 /* MissionViewController.swift */; };
		B69FC85624C5D4AA004A9E88 /* NumberViewController.swift in Sources */ = {isa = PBXBuildFile; fileRef = B69FC85524C5D4AA004A9E88 /* NumberViewController.swift */; };
		B69FC85824C5D4D7004A9E88 /* SoundViewController.swift in Sources */ = {isa = PBXBuildFile; fileRef = B69FC85724C5D4D7004A9E88 /* SoundViewController.swift */; };
		B69FC85A24C5D4E6004A9E88 /* SpeakerViewController.swift in Sources */ = {isa = PBXBuildFile; fileRef = B69FC85924C5D4E6004A9E88 /* SpeakerViewController.swift */; };
		B6AD078424ADF52700D53247 /* AppDelegate.swift in Sources */ = {isa = PBXBuildFile; fileRef = B6AD078324ADF52700D53247 /* AppDelegate.swift */; };
		B6AD078624ADF52700D53247 /* SceneDelegate.swift in Sources */ = {isa = PBXBuildFile; fileRef = B6AD078524ADF52700D53247 /* SceneDelegate.swift */; };
		B6AD078B24ADF52700D53247 /* Main.storyboard in Resources */ = {isa = PBXBuildFile; fileRef = B6AD078924ADF52700D53247 /* Main.storyboard */; };
		B6AD078D24ADF52800D53247 /* Assets.xcassets in Resources */ = {isa = PBXBuildFile; fileRef = B6AD078C24ADF52800D53247 /* Assets.xcassets */; };
		B6AD079024ADF52800D53247 /* LaunchScreen.storyboard in Resources */ = {isa = PBXBuildFile; fileRef = B6AD078E24ADF52800D53247 /* LaunchScreen.storyboard */; };
		B6E7743E24B76E6E0015EFD1 /* CurrentTime.swift in Sources */ = {isa = PBXBuildFile; fileRef = B6E7743D24B76E6E0015EFD1 /* CurrentTime.swift */; };
		B6F103C424C4462900EC2F6A /* AlarmSettingViewController.swift in Sources */ = {isa = PBXBuildFile; fileRef = B6F103C324C4462900EC2F6A /* AlarmSettingViewController.swift */; };
		B6F103C624C4469800EC2F6A /* AlarmViewController.swift in Sources */ = {isa = PBXBuildFile; fileRef = B6F103C524C4469800EC2F6A /* AlarmViewController.swift */; };
/* End PBXBuildFile section */

/* Begin PBXFileReference section */
		B62B413224BC6B8600BF6483 /* SetViewController.swift */ = {isa = PBXFileReference; lastKnownFileType = sourcecode.swift; path = SetViewController.swift; sourceTree = "<group>"; };
		B62B413424BC6C4C00BF6483 /* SleepingViewController.swift */ = {isa = PBXFileReference; lastKnownFileType = sourcecode.swift; path = SleepingViewController.swift; sourceTree = "<group>"; };
		B62B413624BC6D4C00BF6483 /* Alarm.swift */ = {isa = PBXFileReference; lastKnownFileType = sourcecode.swift; path = Alarm.swift; sourceTree = "<group>"; };
		B64C293F24C5D95900BC75E1 /* LiT!使用 - スターマーカー.mp3 */ = {isa = PBXFileReference; lastKnownFileType = audio.mp3; path = "LiT!使用 - スターマーカー.mp3"; sourceTree = "<group>"; };
		B69FC84B24C59A51004A9E88 /* TimerSettingViewController.swift */ = {isa = PBXFileReference; lastKnownFileType = sourcecode.swift; path = TimerSettingViewController.swift; sourceTree = "<group>"; };
		B69FC85124C5D48A004A9E88 /* MondaiViewController.swift */ = {isa = PBXFileReference; lastKnownFileType = sourcecode.swift; path = MondaiViewController.swift; sourceTree = "<group>"; };
		B69FC85324C5D49D004A9E88 /* MissionViewController.swift */ = {isa = PBXFileReference; lastKnownFileType = sourcecode.swift; path = MissionViewController.swift; sourceTree = "<group>"; };
		B69FC85524C5D4AA004A9E88 /* NumberViewController.swift */ = {isa = PBXFileReference; lastKnownFileType = sourcecode.swift; path = NumberViewController.swift; sourceTree = "<group>"; };
		B69FC85724C5D4D7004A9E88 /* SoundViewController.swift */ = {isa = PBXFileReference; lastKnownFileType = sourcecode.swift; path = SoundViewController.swift; sourceTree = "<group>"; };
		B69FC85924C5D4E6004A9E88 /* SpeakerViewController.swift */ = {isa = PBXFileReference; lastKnownFileType = sourcecode.swift; path = SpeakerViewController.swift; sourceTree = "<group>"; };
		B6AD078024ADF52700D53247 /* Alarm.app */ = {isa = PBXFileReference; explicitFileType = wrapper.application; includeInIndex = 0; path = Alarm.app; sourceTree = BUILT_PRODUCTS_DIR; };
		B6AD078324ADF52700D53247 /* AppDelegate.swift */ = {isa = PBXFileReference; lastKnownFileType = sourcecode.swift; path = AppDelegate.swift; sourceTree = "<group>"; };
		B6AD078524ADF52700D53247 /* SceneDelegate.swift */ = {isa = PBXFileReference; lastKnownFileType = sourcecode.swift; path = SceneDelegate.swift; sourceTree = "<group>"; };
		B6AD078A24ADF52700D53247 /* Base */ = {isa = PBXFileReference; lastKnownFileType = file.storyboard; name = Base; path = Base.lproj/Main.storyboard; sourceTree = "<group>"; };
		B6AD078C24ADF52800D53247 /* Assets.xcassets */ = {isa = PBXFileReference; lastKnownFileType = folder.assetcatalog; path = Assets.xcassets; sourceTree = "<group>"; };
		B6AD078F24ADF52800D53247 /* Base */ = {isa = PBXFileReference; lastKnownFileType = file.storyboard; name = Base; path = Base.lproj/LaunchScreen.storyboard; sourceTree = "<group>"; };
		B6AD079124ADF52800D53247 /* Info.plist */ = {isa = PBXFileReference; lastKnownFileType = text.plist.xml; path = Info.plist; sourceTree = "<group>"; };
		B6E7743D24B76E6E0015EFD1 /* CurrentTime.swift */ = {isa = PBXFileReference; lastKnownFileType = sourcecode.swift; path = CurrentTime.swift; sourceTree = "<group>"; };
		B6F103C324C4462900EC2F6A /* AlarmSettingViewController.swift */ = {isa = PBXFileReference; lastKnownFileType = sourcecode.swift; path = AlarmSettingViewController.swift; sourceTree = "<group>"; };
		B6F103C524C4469800EC2F6A /* AlarmViewController.swift */ = {isa = PBXFileReference; lastKnownFileType = sourcecode.swift; path = AlarmViewController.swift; sourceTree = "<group>"; };
/* End PBXFileReference section */

/* Begin PBXFrameworksBuildPhase section */
		B6AD077D24ADF52700D53247 /* Frameworks */ = {
			isa = PBXFrameworksBuildPhase;
			buildActionMask = 2147483647;
			files = (
			);
			runOnlyForDeploymentPostprocessing = 0;
		};
/* End PBXFrameworksBuildPhase section */

/* Begin PBXGroup section */
		B69FC84D24C5D3BD004A9E88 /* Alarm */ = {
			isa = PBXGroup;
			children = (
				B6F103C524C4469800EC2F6A /* AlarmViewController.swift */,
				B6F103C324C4462900EC2F6A /* AlarmSettingViewController.swift */,
				B69FC85B24C5D543004A9E88 /* Setting */,
			);
			path = Alarm;
			sourceTree = "<group>";
		};
		B69FC84E24C5D3EB004A9E88 /* Timer */ = {
			isa = PBXGroup;
			children = (
				B69FC84B24C59A51004A9E88 /* TimerSettingViewController.swift */,
			);
			path = Timer;
			sourceTree = "<group>";
		};
		B69FC84F24C5D421004A9E88 /* Mondai */ = {
			isa = PBXGroup;
			children = (
				B69FC85124C5D48A004A9E88 /* MondaiViewController.swift */,
			);
			path = Mondai;
			sourceTree = "<group>";
		};
		B69FC85024C5D443004A9E88 /* AlarmTest */ = {
			isa = PBXGroup;
			children = (
				B62B413224BC6B8600BF6483 /* SetViewController.swift */,
				B62B413424BC6C4C00BF6483 /* SleepingViewController.swift */,
				B6E7743D24B76E6E0015EFD1 /* CurrentTime.swift */,
				B62B413624BC6D4C00BF6483 /* Alarm.swift */,
			);
			path = AlarmTest;
			sourceTree = "<group>";
		};
		B69FC85B24C5D543004A9E88 /* Setting */ = {
			isa = PBXGroup;
			children = (
				B69FC85324C5D49D004A9E88 /* MissionViewController.swift */,
				B69FC85524C5D4AA004A9E88 /* NumberViewController.swift */,
				B69FC85724C5D4D7004A9E88 /* SoundViewController.swift */,
				B69FC85924C5D4E6004A9E88 /* SpeakerViewController.swift */,
			);
			path = Setting;
			sourceTree = "<group>";
		};
		B6AD077724ADF52700D53247 = {
			isa = PBXGroup;
			children = (
				B6AD078224ADF52700D53247 /* Alarm */,
				B6AD078124ADF52700D53247 /* Products */,
			);
			sourceTree = "<group>";
		};
		B6AD078124ADF52700D53247 /* Products */ = {
			isa = PBXGroup;
			children = (
				B6AD078024ADF52700D53247 /* Alarm.app */,
			);
			name = Products;
			sourceTree = "<group>";
		};
		B6AD078224ADF52700D53247 /* Alarm */ = {
			isa = PBXGroup;
			children = (
				B64C293F24C5D95900BC75E1 /* LiT!使用 - スターマーカー.mp3 */,
				B6AD078324ADF52700D53247 /* AppDelegate.swift */,
				B6AD078524ADF52700D53247 /* SceneDelegate.swift */,
				B69FC84D24C5D3BD004A9E88 /* Alarm */,
				B69FC84E24C5D3EB004A9E88 /* Timer */,
				B69FC84F24C5D421004A9E88 /* Mondai */,
				B69FC85024C5D443004A9E88 /* AlarmTest */,
				B6AD078924ADF52700D53247 /* Main.storyboard */,
				B6AD078C24ADF52800D53247 /* Assets.xcassets */,
				B6AD078E24ADF52800D53247 /* LaunchScreen.storyboard */,
				B6AD079124ADF52800D53247 /* Info.plist */,
			);
			path = Alarm;
			sourceTree = "<group>";
		};
/* End PBXGroup section */

/* Begin PBXNativeTarget section */
		B6AD077F24ADF52700D53247 /* Alarm */ = {
			isa = PBXNativeTarget;
			buildConfigurationList = B6AD079424ADF52800D53247 /* Build configuration list for PBXNativeTarget "Alarm" */;
			buildPhases = (
				B6AD077C24ADF52700D53247 /* Sources */,
				B6AD077D24ADF52700D53247 /* Frameworks */,
				B6AD077E24ADF52700D53247 /* Resources */,
			);
			buildRules = (
			);
			dependencies = (
			);
			name = Alarm;
			productName = Alarm;
			productReference = B6AD078024ADF52700D53247 /* Alarm.app */;
			productType = "com.apple.product-type.application";
		};
/* End PBXNativeTarget section */

/* Begin PBXProject section */
		B6AD077824ADF52700D53247 /* Project object */ = {
			isa = PBXProject;
			attributes = {
				LastSwiftUpdateCheck = 1130;
				LastUpgradeCheck = 1130;
				ORGANIZATIONNAME = "平石悠生";
				TargetAttributes = {
					B6AD077F24ADF52700D53247 = {
						CreatedOnToolsVersion = 11.3.1;
					};
				};
			};
			buildConfigurationList = B6AD077B24ADF52700D53247 /* Build configuration list for PBXProject "Alarm" */;
			compatibilityVersion = "Xcode 9.3";
			developmentRegion = en;
			hasScannedForEncodings = 0;
			knownRegions = (
				en,
				Base,
			);
			mainGroup = B6AD077724ADF52700D53247;
			productRefGroup = B6AD078124ADF52700D53247 /* Products */;
			projectDirPath = "";
			projectRoot = "";
			targets = (
				B6AD077F24ADF52700D53247 /* Alarm */,
			);
		};
/* End PBXProject section */

/* Begin PBXResourcesBuildPhase section */
		B6AD077E24ADF52700D53247 /* Resources */ = {
			isa = PBXResourcesBuildPhase;
			buildActionMask = 2147483647;
			files = (
				B6AD079024ADF52800D53247 /* LaunchScreen.storyboard in Resources */,
				B64C294024C5D95900BC75E1 /* LiT!使用 - スターマーカー.mp3 in Resources */,
				B6AD078D24ADF52800D53247 /* Assets.xcassets in Resources */,
				B6AD078B24ADF52700D53247 /* Main.storyboard in Resources */,
			);
			runOnlyForDeploymentPostprocessing = 0;
		};
/* End PBXResourcesBuildPhase section */

/* Begin PBXSourcesBuildPhase section */
		B6AD077C24ADF52700D53247 /* Sources */ = {
			isa = PBXSourcesBuildPhase;
			buildActionMask = 2147483647;
			files = (
				B6F103C424C4462900EC2F6A /* AlarmSettingViewController.swift in Sources */,
				B6E7743E24B76E6E0015EFD1 /* CurrentTime.swift in Sources */,
				B69FC85424C5D49D004A9E88 /* MissionViewController.swift in Sources */,
				B69FC84C24C59A51004A9E88 /* TimerSettingViewController.swift in Sources */,
				B62B413724BC6D4C00BF6483 /* Alarm.swift in Sources */,
				B6F103C624C4469800EC2F6A /* AlarmViewController.swift in Sources */,
				B6AD078424ADF52700D53247 /* AppDelegate.swift in Sources */,
				B69FC85224C5D48A004A9E88 /* MondaiViewController.swift in Sources */,
				B62B413524BC6C4C00BF6483 /* SleepingViewController.swift in Sources */,
				B69FC85624C5D4AA004A9E88 /* NumberViewController.swift in Sources */,
				B69FC85824C5D4D7004A9E88 /* SoundViewController.swift in Sources */,
				B62B413324BC6B8600BF6483 /* SetViewController.swift in Sources */,
				B69FC85A24C5D4E6004A9E88 /* SpeakerViewController.swift in Sources */,
				B6AD078624ADF52700D53247 /* SceneDelegate.swift in Sources */,
			);
			runOnlyForDeploymentPostprocessing = 0;
		};
/* End PBXSourcesBuildPhase section */

/* Begin PBXVariantGroup section */
		B6AD078924ADF52700D53247 /* Main.storyboard */ = {
			isa = PBXVariantGroup;
			children = (
				B6AD078A24ADF52700D53247 /* Base */,
			);
			name = Main.storyboard;
			sourceTree = "<group>";
		};
		B6AD078E24ADF52800D53247 /* LaunchScreen.storyboard */ = {
			isa = PBXVariantGroup;
			children = (
				B6AD078F24ADF52800D53247 /* Base */,
			);
			name = LaunchScreen.storyboard;
			sourceTree = "<group>";
		};
/* End PBXVariantGroup section */

/* Begin XCBuildConfiguration section */
		B6AD079224ADF52800D53247 /* Debug */ = {
			isa = XCBuildConfiguration;
			buildSettings = {
				ALWAYS_SEARCH_USER_PATHS = NO;
				CLANG_ANALYZER_NONNULL = YES;
				CLANG_ANALYZER_NUMBER_OBJECT_CONVERSION = YES_AGGRESSIVE;
				CLANG_CXX_LANGUAGE_STANDARD = "gnu++14";
				CLANG_CXX_LIBRARY = "libc++";
				CLANG_ENABLE_MODULES = YES;
				CLANG_ENABLE_OBJC_ARC = YES;
				CLANG_ENABLE_OBJC_WEAK = YES;
				CLANG_WARN_BLOCK_CAPTURE_AUTORELEASING = YES;
				CLANG_WARN_BOOL_CONVERSION = YES;
				CLANG_WARN_COMMA = YES;
				CLANG_WARN_CONSTANT_CONVERSION = YES;
				CLANG_WARN_DEPRECATED_OBJC_IMPLEMENTATIONS = YES;
				CLANG_WARN_DIRECT_OBJC_ISA_USAGE = YES_ERROR;
				CLANG_WARN_DOCUMENTATION_COMMENTS = YES;
				CLANG_WARN_EMPTY_BODY = YES;
				CLANG_WARN_ENUM_CONVERSION = YES;
				CLANG_WARN_INFINITE_RECURSION = YES;
				CLANG_WARN_INT_CONVERSION = YES;
				CLANG_WARN_NON_LITERAL_NULL_CONVERSION = YES;
				CLANG_WARN_OBJC_IMPLICIT_RETAIN_SELF = YES;
				CLANG_WARN_OBJC_LITERAL_CONVERSION = YES;
				CLANG_WARN_OBJC_ROOT_CLASS = YES_ERROR;
				CLANG_WARN_RANGE_LOOP_ANALYSIS = YES;
				CLANG_WARN_STRICT_PROTOTYPES = YES;
				CLANG_WARN_SUSPICIOUS_MOVE = YES;
				CLANG_WARN_UNGUARDED_AVAILABILITY = YES_AGGRESSIVE;
				CLANG_WARN_UNREACHABLE_CODE = YES;
				CLANG_WARN__DUPLICATE_METHOD_MATCH = YES;
				COPY_PHASE_STRIP = NO;
				DEBUG_INFORMATION_FORMAT = dwarf;
				ENABLE_STRICT_OBJC_MSGSEND = YES;
				ENABLE_TESTABILITY = YES;
				GCC_C_LANGUAGE_STANDARD = gnu11;
				GCC_DYNAMIC_NO_PIC = NO;
				GCC_NO_COMMON_BLOCKS = YES;
				GCC_OPTIMIZATION_LEVEL = 0;
				GCC_PREPROCESSOR_DEFINITIONS = (
					"DEBUG=1",
					"$(inherited)",
				);
				GCC_WARN_64_TO_32_BIT_CONVERSION = YES;
				GCC_WARN_ABOUT_RETURN_TYPE = YES_ERROR;
				GCC_WARN_UNDECLARED_SELECTOR = YES;
				GCC_WARN_UNINITIALIZED_AUTOS = YES_AGGRESSIVE;
				GCC_WARN_UNUSED_FUNCTION = YES;
				GCC_WARN_UNUSED_VARIABLE = YES;
				IPHONEOS_DEPLOYMENT_TARGET = 13.2;
				MTL_ENABLE_DEBUG_INFO = INCLUDE_SOURCE;
				MTL_FAST_MATH = YES;
				ONLY_ACTIVE_ARCH = YES;
				SDKROOT = iphoneos;
				SWIFT_ACTIVE_COMPILATION_CONDITIONS = DEBUG;
				SWIFT_OPTIMIZATION_LEVEL = "-Onone";
			};
			name = Debug;
		};
		B6AD079324ADF52800D53247 /* Release */ = {
			isa = XCBuildConfiguration;
			buildSettings = {
				ALWAYS_SEARCH_USER_PATHS = NO;
				CLANG_ANALYZER_NONNULL = YES;
				CLANG_ANALYZER_NUMBER_OBJECT_CONVERSION = YES_AGGRESSIVE;
				CLANG_CXX_LANGUAGE_STANDARD = "gnu++14";
				CLANG_CXX_LIBRARY = "libc++";
				CLANG_ENABLE_MODULES = YES;
				CLANG_ENABLE_OBJC_ARC = YES;
				CLANG_ENABLE_OBJC_WEAK = YES;
				CLANG_WARN_BLOCK_CAPTURE_AUTORELEASING = YES;
				CLANG_WARN_BOOL_CONVERSION = YES;
				CLANG_WARN_COMMA = YES;
				CLANG_WARN_CONSTANT_CONVERSION = YES;
				CLANG_WARN_DEPRECATED_OBJC_IMPLEMENTATIONS = YES;
				CLANG_WARN_DIRECT_OBJC_ISA_USAGE = YES_ERROR;
				CLANG_WARN_DOCUMENTATION_COMMENTS = YES;
				CLANG_WARN_EMPTY_BODY = YES;
				CLANG_WARN_ENUM_CONVERSION = YES;
				CLANG_WARN_INFINITE_RECURSION = YES;
				CLANG_WARN_INT_CONVERSION = YES;
				CLANG_WARN_NON_LITERAL_NULL_CONVERSION = YES;
				CLANG_WARN_OBJC_IMPLICIT_RETAIN_SELF = YES;
				CLANG_WARN_OBJC_LITERAL_CONVERSION = YES;
				CLANG_WARN_OBJC_ROOT_CLASS = YES_ERROR;
				CLANG_WARN_RANGE_LOOP_ANALYSIS = YES;
				CLANG_WARN_STRICT_PROTOTYPES = YES;
				CLANG_WARN_SUSPICIOUS_MOVE = YES;
				CLANG_WARN_UNGUARDED_AVAILABILITY = YES_AGGRESSIVE;
				CLANG_WARN_UNREACHABLE_CODE = YES;
				CLANG_WARN__DUPLICATE_METHOD_MATCH = YES;
				COPY_PHASE_STRIP = NO;
				DEBUG_INFORMATION_FORMAT = "dwarf-with-dsym";
				ENABLE_NS_ASSERTIONS = NO;
				ENABLE_STRICT_OBJC_MSGSEND = YES;
				GCC_C_LANGUAGE_STANDARD = gnu11;
				GCC_NO_COMMON_BLOCKS = YES;
				GCC_WARN_64_TO_32_BIT_CONVERSION = YES;
				GCC_WARN_ABOUT_RETURN_TYPE = YES_ERROR;
				GCC_WARN_UNDECLARED_SELECTOR = YES;
				GCC_WARN_UNINITIALIZED_AUTOS = YES_AGGRESSIVE;
				GCC_WARN_UNUSED_FUNCTION = YES;
				GCC_WARN_UNUSED_VARIABLE = YES;
				IPHONEOS_DEPLOYMENT_TARGET = 13.2;
				MTL_ENABLE_DEBUG_INFO = NO;
				MTL_FAST_MATH = YES;
				SDKROOT = iphoneos;
				SWIFT_COMPILATION_MODE = wholemodule;
				SWIFT_OPTIMIZATION_LEVEL = "-O";
				VALIDATE_PRODUCT = YES;
			};
			name = Release;
		};
		B6AD079524ADF52800D53247 /* Debug */ = {
			isa = XCBuildConfiguration;
			buildSettings = {
				ASSETCATALOG_COMPILER_APPICON_NAME = AppIcon;
				CODE_SIGN_STYLE = Automatic;
				INFOPLIST_FILE = Alarm/Info.plist;
				LD_RUNPATH_SEARCH_PATHS = (
					"$(inherited)",
					"@executable_path/Frameworks",
				);
				PRODUCT_BUNDLE_IDENTIFIER = com.litech.Alarm;
				PRODUCT_NAME = "$(TARGET_NAME)";
				SWIFT_VERSION = 5.0;
				TARGETED_DEVICE_FAMILY = "1,2";
			};
			name = Debug;
		};
		B6AD079624ADF52800D53247 /* Release */ = {
			isa = XCBuildConfiguration;
			buildSettings = {
				ASSETCATALOG_COMPILER_APPICON_NAME = AppIcon;
				CODE_SIGN_STYLE = Automatic;
				INFOPLIST_FILE = Alarm/Info.plist;
				LD_RUNPATH_SEARCH_PATHS = (
					"$(inherited)",
					"@executable_path/Frameworks",
				);
				PRODUCT_BUNDLE_IDENTIFIER = com.litech.Alarm;
				PRODUCT_NAME = "$(TARGET_NAME)";
				SWIFT_VERSION = 5.0;
				TARGETED_DEVICE_FAMILY = "1,2";
			};
			name = Release;
		};
/* End XCBuildConfiguration section */

/* Begin XCConfigurationList section */
		B6AD077B24ADF52700D53247 /* Build configuration list for PBXProject "Alarm" */ = {
			isa = XCConfigurationList;
			buildConfigurations = (
				B6AD079224ADF52800D53247 /* Debug */,
				B6AD079324ADF52800D53247 /* Release */,
			);
			defaultConfigurationIsVisible = 0;
			defaultConfigurationName = Release;
		};
		B6AD079424ADF52800D53247 /* Build configuration list for PBXNativeTarget "Alarm" */ = {
			isa = XCConfigurationList;
			buildConfigurations = (
				B6AD079524ADF52800D53247 /* Debug */,
				B6AD079624ADF52800D53247 /* Release */,
			);
			defaultConfigurationIsVisible = 0;
			defaultConfigurationName = Release;
		};
/* End XCConfigurationList section */
	};
	rootObject = B6AD077824ADF52700D53247 /* Project object */;
}
